<?xml version="1.0" encoding="utf-8"?>
<Project ToolsVersion="4.0" xmlns="http://schemas.microsoft.com/developer/msbuild/2003">
  <ItemGroup>
    <Filter Include="MysticMesh">
      <UniqueIdentifier>{2B32BC7A-17EA-FDC7-80F1-D6236CC898B8}</UniqueIdentifier>
    </Filter>
  </ItemGroup>
  <ItemGroup>
    <ClInclude Include="src\MysticMesh.h" />
    <ClInclude Include="src\MysticMesh\Application.h">
      <Filter>MysticMesh</Filter>
    </ClInclude>
    <ClInclude Include="src\MysticMesh\Core.h">
      <Filter>MysticMesh</Filter>
    </ClInclude>
    <ClInclude Include="src\MysticMesh\EntryPoint.h">
      <Filter>MysticMesh</Filter>
    </ClInclude>
    <ClInclude Include="src\MysticMesh\Log.h">
      <Filter>MysticMesh</Filter>
    </ClInclude>
  </ItemGroup>
  <ItemGroup>
    <ClCompile Include="src\MysticMesh\Application.cpp">
      <Filter>MysticMesh</Filter>
    </ClCompile>
    <ClCompile Include="src\MysticMesh\Log.cpp">
      <Filter>MysticMesh</Filter>
    </ClCompile>
  </ItemGroup>
</Project>